// !$*UTF8*$!
{
	archiveVersion = 1;
	classes = {
	};
	objectVersion = 50;
	objects = {

/* Begin PBXBuildFile section */
		68192DEB25758EA8000823C7 /* AppDelegate.swift in Sources */ = {isa = PBXBuildFile; fileRef = 68192DEA25758EA8000823C7 /* AppDelegate.swift */; };
		68192DED25758EA8000823C7 /* SceneDelegate.swift in Sources */ = {isa = PBXBuildFile; fileRef = 68192DEC25758EA8000823C7 /* SceneDelegate.swift */; };
		68192DEF25758EA8000823C7 /* ViewController.swift in Sources */ = {isa = PBXBuildFile; fileRef = 68192DEE25758EA8000823C7 /* ViewController.swift */; };
		68192DF225758EA8000823C7 /* Main.storyboard in Resources */ = {isa = PBXBuildFile; fileRef = 68192DF025758EA8000823C7 /* Main.storyboard */; };
		68192DF425758EAB000823C7 /* Assets.xcassets in Resources */ = {isa = PBXBuildFile; fileRef = 68192DF325758EAB000823C7 /* Assets.xcassets */; };
		68192DF725758EAB000823C7 /* LaunchScreen.storyboard in Resources */ = {isa = PBXBuildFile; fileRef = 68192DF525758EAB000823C7 /* LaunchScreen.storyboard */; };
		68192DFF2575958D000823C7 /* ClimaManager.swift in Sources */ = {isa = PBXBuildFile; fileRef = 68192DFE2575958D000823C7 /* ClimaManager.swift */; };
		6824D7342576CDF8003B8762 /* ClimaData.swift in Sources */ = {isa = PBXBuildFile; fileRef = 6824D7332576CDF8003B8762 /* ClimaData.swift */; };
		6824D7362576D3BD003B8762 /* ClimaModelo.swift in Sources */ = {isa = PBXBuildFile; fileRef = 6824D7352576D3BD003B8762 /* ClimaModelo.swift */; };
/* End PBXBuildFile section */

/* Begin PBXFileReference section */
		68192DE725758EA8000823C7 /* clima_BJGD.app */ = {isa = PBXFileReference; explicitFileType = wrapper.application; includeInIndex = 0; path = clima_BJGD.app; sourceTree = BUILT_PRODUCTS_DIR; };
		68192DEA25758EA8000823C7 /* AppDelegate.swift */ = {isa = PBXFileReference; lastKnownFileType = sourcecode.swift; path = AppDelegate.swift; sourceTree = "<group>"; };
		68192DEC25758EA8000823C7 /* SceneDelegate.swift */ = {isa = PBXFileReference; lastKnownFileType = sourcecode.swift; path = SceneDelegate.swift; sourceTree = "<group>"; };
		68192DEE25758EA8000823C7 /* ViewController.swift */ = {isa = PBXFileReference; lastKnownFileType = sourcecode.swift; path = ViewController.swift; sourceTree = "<group>"; };
		68192DF125758EA8000823C7 /* Base */ = {isa = PBXFileReference; lastKnownFileType = file.storyboard; name = Base; path = Base.lproj/Main.storyboard; sourceTree = "<group>"; };
		68192DF325758EAB000823C7 /* Assets.xcassets */ = {isa = PBXFileReference; lastKnownFileType = folder.assetcatalog; path = Assets.xcassets; sourceTree = "<group>"; };
		68192DF625758EAB000823C7 /* Base */ = {isa = PBXFileReference; lastKnownFileType = file.storyboard; name = Base; path = Base.lproj/LaunchScreen.storyboard; sourceTree = "<group>"; };
		68192DF825758EAB000823C7 /* Info.plist */ = {isa = PBXFileReference; lastKnownFileType = text.plist.xml; path = Info.plist; sourceTree = "<group>"; };
		68192DFE2575958D000823C7 /* ClimaManager.swift */ = {isa = PBXFileReference; lastKnownFileType = sourcecode.swift; path = ClimaManager.swift; sourceTree = "<group>"; };
		6824D7332576CDF8003B8762 /* ClimaData.swift */ = {isa = PBXFileReference; lastKnownFileType = sourcecode.swift; path = ClimaData.swift; sourceTree = "<group>"; };
		6824D7352576D3BD003B8762 /* ClimaModelo.swift */ = {isa = PBXFileReference; lastKnownFileType = sourcecode.swift; path = ClimaModelo.swift; sourceTree = "<group>"; };
/* End PBXFileReference section */

/* Begin PBXFrameworksBuildPhase section */
		68192DE425758EA8000823C7 /* Frameworks */ = {
			isa = PBXFrameworksBuildPhase;
			buildActionMask = 2147483647;
			files = (
			);
			runOnlyForDeploymentPostprocessing = 0;
		};
/* End PBXFrameworksBuildPhase section */

/* Begin PBXGroup section */
		68192DDE25758EA8000823C7 = {
			isa = PBXGroup;
			children = (
				68192DE925758EA8000823C7 /* clima_BJGD */,
				68192DE825758EA8000823C7 /* Products */,
			);
			sourceTree = "<group>";
		};
		68192DE825758EA8000823C7 /* Products */ = {
			isa = PBXGroup;
			children = (
				68192DE725758EA8000823C7 /* clima_BJGD.app */,
			);
			name = Products;
			sourceTree = "<group>";
		};
		68192DE925758EA8000823C7 /* clima_BJGD */ = {
			isa = PBXGroup;
			children = (
				68192DEA25758EA8000823C7 /* AppDelegate.swift */,
				68192DEC25758EA8000823C7 /* SceneDelegate.swift */,
				68192DEE25758EA8000823C7 /* ViewController.swift */,
				68192DF025758EA8000823C7 /* Main.storyboard */,
				68192DF325758EAB000823C7 /* Assets.xcassets */,
				68192DF525758EAB000823C7 /* LaunchScreen.storyboard */,
				68192DF825758EAB000823C7 /* Info.plist */,
				68192DFE2575958D000823C7 /* ClimaManager.swift */,
				6824D7332576CDF8003B8762 /* ClimaData.swift */,
				6824D7352576D3BD003B8762 /* ClimaModelo.swift */,
			);
			path = clima_BJGD;
			sourceTree = "<group>";
		};
/* End PBXGroup section */

/* Begin PBXNativeTarget section */
		68192DE625758EA8000823C7 /* clima_BJGD */ = {
			isa = PBXNativeTarget;
			buildConfigurationList = 68192DFB25758EAB000823C7 /* Build configuration list for PBXNativeTarget "clima_BJGD" */;
			buildPhases = (
				68192DE325758EA8000823C7 /* Sources */,
				68192DE425758EA8000823C7 /* Frameworks */,
				68192DE525758EA8000823C7 /* Resources */,
			);
			buildRules = (
			);
			dependencies = (
			);
			name = clima_BJGD;
			productName = clima_BJGD;
			productReference = 68192DE725758EA8000823C7 /* clima_BJGD.app */;
			productType = "com.apple.product-type.application";
		};
/* End PBXNativeTarget section */

/* Begin PBXProject section */
		68192DDF25758EA8000823C7 /* Project object */ = {
			isa = PBXProject;
			attributes = {
				LastSwiftUpdateCheck = 1110;
				LastUpgradeCheck = 1110;
				ORGANIZATIONNAME = ITM;
				TargetAttributes = {
					68192DE625758EA8000823C7 = {
						CreatedOnToolsVersion = 11.1;
					};
				};
			};
			buildConfigurationList = 68192DE225758EA8000823C7 /* Build configuration list for PBXProject "clima_BJGD" */;
			compatibilityVersion = "Xcode 9.3";
			developmentRegion = en;
			hasScannedForEncodings = 0;
			knownRegions = (
				en,
				Base,
			);
			mainGroup = 68192DDE25758EA8000823C7;
			productRefGroup = 68192DE825758EA8000823C7 /* Products */;
			projectDirPath = "";
			projectRoot = "";
			targets = (
				68192DE625758EA8000823C7 /* clima_BJGD */,
			);
		};
/* End PBXProject section */

/* Begin PBXResourcesBuildPhase section */
		68192DE525758EA8000823C7 /* Resources */ = {
			isa = PBXResourcesBuildPhase;
			buildActionMask = 2147483647;
			files = (
				68192DF725758EAB000823C7 /* LaunchScreen.storyboard in Resources */,
				68192DF425758EAB000823C7 /* Assets.xcassets in Resources */,
				68192DF225758EA8000823C7 /* Main.storyboard in Resources */,
			);
			runOnlyForDeploymentPostprocessing = 0;
		};
/* End PBXResourcesBuildPhase section */

/* Begin PBXSourcesBuildPhase section */
		68192DE325758EA8000823C7 /* Sources */ = {
			isa = PBXSourcesBuildPhase;
			buildActionMask = 2147483647;
			files = (
				6824D7362576D3BD003B8762 /* ClimaModelo.swift in Sources */,
				68192DEF25758EA8000823C7 /* ViewController.swift in Sources */,
				68192DEB25758EA8000823C7 /* AppDelegate.swift in Sources */,
				68192DFF2575958D000823C7 /* ClimaManager.swift in Sources */,
				68192DED25758EA8000823C7 /* SceneDelegate.swift in Sources */,
				6824D7342576CDF8003B8762 /* ClimaData.swift in Sources */,
			);
			runOnlyForDeploymentPostprocessing = 0;
		};
/* End PBXSourcesBuildPhase section */

/* Begin PBXVariantGroup section */
		68192DF025758EA8000823C7 /* Main.storyboard */ = {
			isa = PBXVariantGroup;
			children = (
				68192DF125758EA8000823C7 /* Base */,
			);
			name = Main.storyboard;
			sourceTree = "<group>";
		};
		68192DF525758EAB000823C7 /* LaunchScreen.storyboard */ = {
			isa = PBXVariantGroup;
			children = (
				68192DF625758EAB000823C7 /* Base */,
			);
			name = LaunchScreen.storyboard;
			sourceTree = "<group>";
		};
/* End PBXVariantGroup section */

/* Begin XCBuildConfiguration section */
		68192DF925758EAB000823C7 /* Debug */ = {
			isa = XCBuildConfiguration;
			buildSettings = {
				ALWAYS_SEARCH_USER_PATHS = NO;
				CLANG_ANALYZER_NONNULL = YES;
				CLANG_ANALYZER_NUMBER_OBJECT_CONVERSION = YES_AGGRESSIVE;
				CLANG_CXX_LANGUAGE_STANDARD = "gnu++14";
				CLANG_CXX_LIBRARY = "libc++";
				CLANG_ENABLE_MODULES = YES;
				CLANG_ENABLE_OBJC_ARC = YES;
				CLANG_ENABLE_OBJC_WEAK = YES;
				CLANG_WARN_BLOCK_CAPTURE_AUTORELEASING = YES;
				CLANG_WARN_BOOL_CONVERSION = YES;
				CLANG_WARN_COMMA = YES;
				CLANG_WARN_CONSTANT_CONVERSION = YES;
				CLANG_WARN_DEPRECATED_OBJC_IMPLEMENTATIONS = YES;
				CLANG_WARN_DIRECT_OBJC_ISA_USAGE = YES_ERROR;
				CLANG_WARN_DOCUMENTATION_COMMENTS = YES;
				CLANG_WARN_EMPTY_BODY = YES;
				CLANG_WARN_ENUM_CONVERSION = YES;
				CLANG_WARN_INFINITE_RECURSION = YES;
				CLANG_WARN_INT_CONVERSION = YES;
				CLANG_WARN_NON_LITERAL_NULL_CONVERSION = YES;
				CLANG_WARN_OBJC_IMPLICIT_RETAIN_SELF = YES;
				CLANG_WARN_OBJC_LITERAL_CONVERSION = YES;
				CLANG_WARN_OBJC_ROOT_CLASS = YES_ERROR;
				CLANG_WARN_RANGE_LOOP_ANALYSIS = YES;
				CLANG_WARN_STRICT_PROTOTYPES = YES;
				CLANG_WARN_SUSPICIOUS_MOVE = YES;
				CLANG_WARN_UNGUARDED_AVAILABILITY = YES_AGGRESSIVE;
				CLANG_WARN_UNREACHABLE_CODE = YES;
				CLANG_WARN__DUPLICATE_METHOD_MATCH = YES;
				COPY_PHASE_STRIP = NO;
				DEBUG_INFORMATION_FORMAT = dwarf;
				ENABLE_STRICT_OBJC_MSGSEND = YES;
				ENABLE_TESTABILITY = YES;
				GCC_C_LANGUAGE_STANDARD = gnu11;
				GCC_DYNAMIC_NO_PIC = NO;
				GCC_NO_COMMON_BLOCKS = YES;
				GCC_OPTIMIZATION_LEVEL = 0;
				GCC_PREPROCESSOR_DEFINITIONS = (
					"DEBUG=1",
					"$(inherited)",
				);
				GCC_WARN_64_TO_32_BIT_CONVERSION = YES;
				GCC_WARN_ABOUT_RETURN_TYPE = YES_ERROR;
				GCC_WARN_UNDECLARED_SELECTOR = YES;
				GCC_WARN_UNINITIALIZED_AUTOS = YES_AGGRESSIVE;
				GCC_WARN_UNUSED_FUNCTION = YES;
				GCC_WARN_UNUSED_VARIABLE = YES;
				IPHONEOS_DEPLOYMENT_TARGET = 13.1;
				MTL_ENABLE_DEBUG_INFO = INCLUDE_SOURCE;
				MTL_FAST_MATH = YES;
				ONLY_ACTIVE_ARCH = YES;
				SDKROOT = iphoneos;
				SWIFT_ACTIVE_COMPILATION_CONDITIONS = DEBUG;
				SWIFT_OPTIMIZATION_LEVEL = "-Onone";
			};
			name = Debug;
		};
		68192DFA25758EAB000823C7 /* Release */ = {
			isa = XCBuildConfiguration;
			buildSettings = {
				ALWAYS_SEARCH_USER_PATHS = NO;
				CLANG_ANALYZER_NONNULL = YES;
				CLANG_ANALYZER_NUMBER_OBJECT_CONVERSION = YES_AGGRESSIVE;
				CLANG_CXX_LANGUAGE_STANDARD = "gnu++14";
				CLANG_CXX_LIBRARY = "libc++";
				CLANG_ENABLE_MODULES = YES;
				CLANG_ENABLE_OBJC_ARC = YES;
				CLANG_ENABLE_OBJC_WEAK = YES;
				CLANG_WARN_BLOCK_CAPTURE_AUTORELEASING = YES;
				CLANG_WARN_BOOL_CONVERSION = YES;
				CLANG_WARN_COMMA = YES;
				CLANG_WARN_CONSTANT_CONVERSION = YES;
				CLANG_WARN_DEPRECATED_OBJC_IMPLEMENTATIONS = YES;
				CLANG_WARN_DIRECT_OBJC_ISA_USAGE = YES_ERROR;
				CLANG_WARN_DOCUMENTATION_COMMENTS = YES;
				CLANG_WARN_EMPTY_BODY = YES;
				CLANG_WARN_ENUM_CONVERSION = YES;
				CLANG_WARN_INFINITE_RECURSION = YES;
				CLANG_WARN_INT_CONVERSION = YES;
				CLANG_WARN_NON_LITERAL_NULL_CONVERSION = YES;
				CLANG_WARN_OBJC_IMPLICIT_RETAIN_SELF = YES;
				CLANG_WARN_OBJC_LITERAL_CONVERSION = YES;
				CLANG_WARN_OBJC_ROOT_CLASS = YES_ERROR;
				CLANG_WARN_RANGE_LOOP_ANALYSIS = YES;
				CLANG_WARN_STRICT_PROTOTYPES = YES;
				CLANG_WARN_SUSPICIOUS_MOVE = YES;
				CLANG_WARN_UNGUARDED_AVAILABILITY = YES_AGGRESSIVE;
				CLANG_WARN_UNREACHABLE_CODE = YES;
				CLANG_WARN__DUPLICATE_METHOD_MATCH = YES;
				COPY_PHASE_STRIP = NO;
				DEBUG_INFORMATION_FORMAT = "dwarf-with-dsym";
				ENABLE_NS_ASSERTIONS = NO;
				ENABLE_STRICT_OBJC_MSGSEND = YES;
				GCC_C_LANGUAGE_STANDARD = gnu11;
				GCC_NO_COMMON_BLOCKS = YES;
				GCC_WARN_64_TO_32_BIT_CONVERSION = YES;
				GCC_WARN_ABOUT_RETURN_TYPE = YES_ERROR;
				GCC_WARN_UNDECLARED_SELECTOR = YES;
				GCC_WARN_UNINITIALIZED_AUTOS = YES_AGGRESSIVE;
				GCC_WARN_UNUSED_FUNCTION = YES;
				GCC_WARN_UNUSED_VARIABLE = YES;
				IPHONEOS_DEPLOYMENT_TARGET = 13.1;
				MTL_ENABLE_DEBUG_INFO = NO;
				MTL_FAST_MATH = YES;
				SDKROOT = iphoneos;
				SWIFT_COMPILATION_MODE = wholemodule;
				SWIFT_OPTIMIZATION_LEVEL = "-O";
				VALIDATE_PRODUCT = YES;
			};
			name = Release;
		};
		68192DFC25758EAB000823C7 /* Debug */ = {
			isa = XCBuildConfiguration;
			buildSettings = {
				ASSETCATALOG_COMPILER_APPICON_NAME = AppIcon;
				CODE_SIGN_STYLE = Automatic;
				INFOPLIST_FILE = clima_BJGD/Info.plist;
				LD_RUNPATH_SEARCH_PATHS = (
					"$(inherited)",
					"@executable_path/Frameworks",
				);
				PRODUCT_BUNDLE_IDENTIFIER = "ITM.clima-BJGD";
				PRODUCT_NAME = "$(TARGET_NAME)";
				SWIFT_VERSION = 5.0;
				TARGETED_DEVICE_FAMILY = "1,2";
			};
			name = Debug;
		};
		68192DFD25758EAB000823C7 /* Release */ = {
			isa = XCBuildConfiguration;
			buildSettings = {
				ASSETCATALOG_COMPILER_APPICON_NAME = AppIcon;
				CODE_SIGN_STYLE = Automatic;
				INFOPLIST_FILE = clima_BJGD/Info.plist;
				LD_RUNPATH_SEARCH_PATHS = (
					"$(inherited)",
					"@executable_path/Frameworks",
				);
				PRODUCT_BUNDLE_IDENTIFIER = "ITM.clima-BJGD";
				PRODUCT_NAME = "$(TARGET_NAME)";
				SWIFT_VERSION = 5.0;
				TARGETED_DEVICE_FAMILY = "1,2";
			};
			name = Release;
		};
/* End XCBuildConfiguration section */

/* Begin XCConfigurationList section */
		68192DE225758EA8000823C7 /* Build configuration list for PBXProject "clima_BJGD" */ = {
			isa = XCConfigurationList;
			buildConfigurations = (
				68192DF925758EAB000823C7 /* Debug */,
				68192DFA25758EAB000823C7 /* Release */,
			);
			defaultConfigurationIsVisible = 0;
			defaultConfigurationName = Release;
		};
		68192DFB25758EAB000823C7 /* Build configuration list for PBXNativeTarget "clima_BJGD" */ = {
			isa = XCConfigurationList;
			buildConfigurations = (
				68192DFC25758EAB000823C7 /* Debug */,
				68192DFD25758EAB000823C7 /* Release */,
			);
			defaultConfigurationIsVisible = 0;
			defaultConfigurationName = Release;
		};
/* End XCConfigurationList section */
	};
	rootObject = 68192DDF25758EA8000823C7 /* Project object */;
}
